# THIS IS AN AUTOGENERATED FILE. DO NOT EDIT THIS FILE DIRECTLY.
# yarn lockfile v1


"@types/node@^20.0.0":
  version "20.0.0"
  resolved "https://registry.yarnpkg.com/@types/node/-/node-20.0.0.tgz#081d9afd28421be956c1a47ced1c9a0034b467e2"
  integrity sha512-cD2uPTDnQQCVpmRefonO98/PPijuOnnEy5oytWJFPY1N9aJCz2wJ5kSGWO+zJoed2cY2JxQh6yBuUq4vIn61hw==
